Microsoft Visual Studio Solution File, Format Version 12.00
# Visual Studio 2012
Project("{FAE04EC0-301F-11D3-BF4B-00C04F79EFBC}") = "Zeldinha", "Zeldinha.csproj", "{FD020232-43BB-43CF-861B-B56739FA5315}"
EndProject
Global
	GlobalSection(SolutionConfigurationPlatforms) = preSolution
	Debug|Any CPU = Debug|Any CPU
	ExportDebug|Any CPU = ExportDebug|Any CPU
	ExportRelease|Any CPU = ExportRelease|Any CPU
	EndGlobalSection
	GlobalSection(ProjectConfigurationPlatforms) = postSolution
		{FD020232-43BB-43CF-861B-B56739FA5315}.Debug|Any CPU.ActiveCfg = Debug|Any CPU
		{FD020232-43BB-43CF-861B-B56739FA5315}.Debug|Any CPU.Build.0 = Debug|Any CPU
		{FD020232-43BB-43CF-861B-B56739FA5315}.ExportDebug|Any CPU.ActiveCfg = ExportDebug|Any CPU
		{FD020232-43BB-43CF-861B-B56739FA5315}.ExportDebug|Any CPU.Build.0 = ExportDebug|Any CPU
		{FD020232-43BB-43CF-861B-B56739FA5315}.ExportRelease|Any CPU.ActiveCfg = ExportRelease|Any CPU
		{FD020232-43BB-43CF-861B-B56739FA5315}.ExportRelease|Any CPU.Build.0 = ExportRelease|Any CPU
	EndGlobalSection
EndGlobal
